
Microsoft Visual Studio Solution File, Format Version 12.00
Project("{FAE04EC0-301F-11D3-BF4B-00C04F79EFBC}") = "PoligonApiTest", "src\PoligonApiTest\PoligonApiTest.csproj", "{240EF32B-A31E-4A43-8497-04449DBA5386}"
EndProject
Project("{FAE04EC0-301F-11D3-BF4B-00C04F79EFBC}") = "S01E01", "S01E01\S01E01.csproj", "{019589C5-3936-45F8-BC50-B396AD9A5C4D}"
EndProject
Project("{FAE04EC0-301F-11D3-BF4B-00C04F79EFBC}") = "S01E02", "S01E02\S01E02.csproj", "{A21D0E90-FA4A-4853-8A93-D0A680B02CAA}"
EndProject
Project("{FAE04EC0-301F-11D3-BF4B-00C04F79EFBC}") = "S01E03", "S01E03\S01E03.csproj", "{564794C1-A86B-4853-8D2E-7A74B2EBC920}"
EndProject
Project("{FAE04EC0-301F-11D3-BF4B-00C04F79EFBC}") = "Azyl", "Azyl\Azyl.csproj", "{46987F54-0129-4E5B-A2C4-D51F471CA79C}"
EndProject
Project("{2150E333-8FDC-42A3-9474-1A3956D46DE8}") = "Items", "Items", "{82FBDB21-93DD-4BC0-9D67-9A5582CC2D5B}"
EndProject
Project("{2150E333-8FDC-42A3-9474-1A3956D46DE8}") = "pliki_z_fabryki", "pliki_z_fabryki", "{6ACB14F7-18DE-4ECA-9CF2-A1D804DDB811}"
	ProjectSection(SolutionItems) = preProject
		docs\pliki_z_fabryki\2024-11-12_report-00-sektor_C4.txt = docs\pliki_z_fabryki\2024-11-12_report-00-sektor_C4.txt
		docs\pliki_z_fabryki\2024-11-12_report-01-sektor_A1.txt = docs\pliki_z_fabryki\2024-11-12_report-01-sektor_A1.txt
		docs\pliki_z_fabryki\2024-11-12_report-02-sektor_A3.txt = docs\pliki_z_fabryki\2024-11-12_report-02-sektor_A3.txt
		docs\pliki_z_fabryki\2024-11-12_report-03-sektor_A3.txt = docs\pliki_z_fabryki\2024-11-12_report-03-sektor_A3.txt
		docs\pliki_z_fabryki\2024-11-12_report-04-sektor_B2.txt = docs\pliki_z_fabryki\2024-11-12_report-04-sektor_B2.txt
		docs\pliki_z_fabryki\2024-11-12_report-05-sektor_C1.txt = docs\pliki_z_fabryki\2024-11-12_report-05-sektor_C1.txt
		docs\pliki_z_fabryki\2024-11-12_report-06-sektor_C2.txt = docs\pliki_z_fabryki\2024-11-12_report-06-sektor_C2.txt
		docs\pliki_z_fabryki\2024-11-12_report-07-sektor_C4.txt = docs\pliki_z_fabryki\2024-11-12_report-07-sektor_C4.txt
		docs\pliki_z_fabryki\2024-11-12_report-08-sektor_A1.txt = docs\pliki_z_fabryki\2024-11-12_report-08-sektor_A1.txt
		docs\pliki_z_fabryki\2024-11-12_report-09-sektor_C2.txt = docs\pliki_z_fabryki\2024-11-12_report-09-sektor_C2.txt
		docs\pliki_z_fabryki\2024-11-12_report-10-sektor-C1.mp3 = docs\pliki_z_fabryki\2024-11-12_report-10-sektor-C1.mp3
		docs\pliki_z_fabryki\2024-11-12_report-11-sektor-C2.mp3 = docs\pliki_z_fabryki\2024-11-12_report-11-sektor-C2.mp3
		docs\pliki_z_fabryki\2024-11-12_report-12-sektor_A1.mp3 = docs\pliki_z_fabryki\2024-11-12_report-12-sektor_A1.mp3
		docs\pliki_z_fabryki\2024-11-12_report-13.png = docs\pliki_z_fabryki\2024-11-12_report-13.png
		docs\pliki_z_fabryki\2024-11-12_report-14.png = docs\pliki_z_fabryki\2024-11-12_report-14.png
		docs\pliki_z_fabryki\2024-11-12_report-15.png = docs\pliki_z_fabryki\2024-11-12_report-15.png
		docs\pliki_z_fabryki\2024-11-12_report-16.png = docs\pliki_z_fabryki\2024-11-12_report-16.png
		docs\pliki_z_fabryki\2024-11-12_report-17.png = docs\pliki_z_fabryki\2024-11-12_report-17.png
		docs\pliki_z_fabryki\2024-11-12_report-99 = docs\pliki_z_fabryki\2024-11-12_report-99
		docs\pliki_z_fabryki\facts\f01.txt = docs\pliki_z_fabryki\facts\f01.txt
		docs\pliki_z_fabryki\facts\f02.txt = docs\pliki_z_fabryki\facts\f02.txt
		docs\pliki_z_fabryki\facts\f03.txt = docs\pliki_z_fabryki\facts\f03.txt
		docs\pliki_z_fabryki\facts\f04.txt = docs\pliki_z_fabryki\facts\f04.txt
		docs\pliki_z_fabryki\facts\f05.txt = docs\pliki_z_fabryki\facts\f05.txt
		docs\pliki_z_fabryki\facts\f06.txt = docs\pliki_z_fabryki\facts\f06.txt
		docs\pliki_z_fabryki\facts\f07.txt = docs\pliki_z_fabryki\facts\f07.txt
		docs\pliki_z_fabryki\facts\f08.txt = docs\pliki_z_fabryki\facts\f08.txt
		docs\pliki_z_fabryki\facts\f09.txt = docs\pliki_z_fabryki\facts\f09.txt
	EndProjectSection
EndProject
Project("{FAE04EC0-301F-11D3-BF4B-00C04F79EFBC}") = "S01E05", "S01E05\S01E05.csproj", "{C9BD0377-B1FA-4DAF-9B19-D4881D162478}"
EndProject
Project("{FAE04EC0-301F-11D3-BF4B-00C04F79EFBC}") = "S02E01", "S02E01\S02E01.csproj", "{1B774DB4-4AB3-4943-8025-E6E823BAC5E7}"
EndProject
Project("{FAE04EC0-301F-11D3-BF4B-00C04F79EFBC}") = "AIDevs.Common", "AIDevs.Common\AIDevs.Common.csproj", "{A38847D6-F9E2-4ED8-B65A-4B1999FBC2AB}"
EndProject
Project("{FAE04EC0-301F-11D3-BF4B-00C04F79EFBC}") = "S02E02", "S02E02\S02E02.csproj", "{308D2CE7-05B3-4CE7-A810-AB25A0AEC3D5}"
EndProject
Project("{FAE04EC0-301F-11D3-BF4B-00C04F79EFBC}") = "S02E03", "S02E03\S02E03.csproj", "{C4135C93-5229-4002-863B-A79A02A33C8B}"
EndProject
Project("{FAE04EC0-301F-11D3-BF4B-00C04F79EFBC}") = "S02E04", "S02E04\S02E04.csproj", "{B735EC3C-1722-4766-99FA-550A63041122}"
EndProject
Project("{FAE04EC0-301F-11D3-BF4B-00C04F79EFBC}") = "S02E05", "S02E05\S02E05.csproj", "{E349224B-AD88-47A5-909C-877C1AC383B7}"
EndProject
Project("{FAE04EC0-301F-11D3-BF4B-00C04F79EFBC}") = "S03E01", "S03E01\S03E01.csproj", "{59A2C38A-1A79-4293-8618-1164309B7572}"
EndProject
Project("{FAE04EC0-301F-11D3-BF4B-00C04F79EFBC}") = "S03E02", "S03E02\S03E02.csproj", "{841E5E73-A610-46F2-8527-5AD08C30F694}"
EndProject
Project("{FAE04EC0-301F-11D3-BF4B-00C04F79EFBC}") = "S03E03", "S03E03\S03E03.csproj", "{978CAC81-CA74-4349-A1D2-A53866D743D2}"
EndProject
Project("{FAE04EC0-301F-11D3-BF4B-00C04F79EFBC}") = "S03E04", "S03E04\S03E04.csproj", "{13D0D93E-85ED-4503-B020-EE1DEB1F84EF}"
EndProject
Global
	GlobalSection(SolutionConfigurationPlatforms) = preSolution
		Debug|Any CPU = Debug|Any CPU
		Release|Any CPU = Release|Any CPU
	EndGlobalSection
	GlobalSection(ProjectConfigurationPlatforms) = postSolution
		{240EF32B-A31E-4A43-8497-04449DBA5386}.Debug|Any CPU.ActiveCfg = Debug|Any CPU
		{240EF32B-A31E-4A43-8497-04449DBA5386}.Debug|Any CPU.Build.0 = Debug|Any CPU
		{240EF32B-A31E-4A43-8497-04449DBA5386}.Release|Any CPU.ActiveCfg = Release|Any CPU
		{240EF32B-A31E-4A43-8497-04449DBA5386}.Release|Any CPU.Build.0 = Release|Any CPU
		{019589C5-3936-45F8-BC50-B396AD9A5C4D}.Debug|Any CPU.ActiveCfg = Debug|Any CPU
		{019589C5-3936-45F8-BC50-B396AD9A5C4D}.Debug|Any CPU.Build.0 = Debug|Any CPU
		{019589C5-3936-45F8-BC50-B396AD9A5C4D}.Release|Any CPU.ActiveCfg = Release|Any CPU
		{019589C5-3936-45F8-BC50-B396AD9A5C4D}.Release|Any CPU.Build.0 = Release|Any CPU
		{A21D0E90-FA4A-4853-8A93-D0A680B02CAA}.Debug|Any CPU.ActiveCfg = Debug|Any CPU
		{A21D0E90-FA4A-4853-8A93-D0A680B02CAA}.Debug|Any CPU.Build.0 = Debug|Any CPU
		{A21D0E90-FA4A-4853-8A93-D0A680B02CAA}.Release|Any CPU.ActiveCfg = Release|Any CPU
		{A21D0E90-FA4A-4853-8A93-D0A680B02CAA}.Release|Any CPU.Build.0 = Release|Any CPU
		{564794C1-A86B-4853-8D2E-7A74B2EBC920}.Debug|Any CPU.ActiveCfg = Debug|Any CPU
		{564794C1-A86B-4853-8D2E-7A74B2EBC920}.Debug|Any CPU.Build.0 = Debug|Any CPU
		{564794C1-A86B-4853-8D2E-7A74B2EBC920}.Release|Any CPU.ActiveCfg = Release|Any CPU
		{564794C1-A86B-4853-8D2E-7A74B2EBC920}.Release|Any CPU.Build.0 = Release|Any CPU
		{46987F54-0129-4E5B-A2C4-D51F471CA79C}.Debug|Any CPU.ActiveCfg = Debug|Any CPU
		{46987F54-0129-4E5B-A2C4-D51F471CA79C}.Debug|Any CPU.Build.0 = Debug|Any CPU
		{46987F54-0129-4E5B-A2C4-D51F471CA79C}.Release|Any CPU.ActiveCfg = Release|Any CPU
		{46987F54-0129-4E5B-A2C4-D51F471CA79C}.Release|Any CPU.Build.0 = Release|Any CPU
		{C9BD0377-B1FA-4DAF-9B19-D4881D162478}.Debug|Any CPU.ActiveCfg = Debug|Any CPU
		{C9BD0377-B1FA-4DAF-9B19-D4881D162478}.Debug|Any CPU.Build.0 = Debug|Any CPU
		{C9BD0377-B1FA-4DAF-9B19-D4881D162478}.Release|Any CPU.ActiveCfg = Release|Any CPU
		{C9BD0377-B1FA-4DAF-9B19-D4881D162478}.Release|Any CPU.Build.0 = Release|Any CPU
		{1B774DB4-4AB3-4943-8025-E6E823BAC5E7}.Debug|Any CPU.ActiveCfg = Debug|Any CPU
		{1B774DB4-4AB3-4943-8025-E6E823BAC5E7}.Debug|Any CPU.Build.0 = Debug|Any CPU
		{1B774DB4-4AB3-4943-8025-E6E823BAC5E7}.Release|Any CPU.ActiveCfg = Release|Any CPU
		{1B774DB4-4AB3-4943-8025-E6E823BAC5E7}.Release|Any CPU.Build.0 = Release|Any CPU
		{A38847D6-F9E2-4ED8-B65A-4B1999FBC2AB}.Debug|Any CPU.ActiveCfg = Debug|Any CPU
		{A38847D6-F9E2-4ED8-B65A-4B1999FBC2AB}.Debug|Any CPU.Build.0 = Debug|Any CPU
		{A38847D6-F9E2-4ED8-B65A-4B1999FBC2AB}.Release|Any CPU.ActiveCfg = Release|Any CPU
		{A38847D6-F9E2-4ED8-B65A-4B1999FBC2AB}.Release|Any CPU.Build.0 = Release|Any CPU
		{308D2CE7-05B3-4CE7-A810-AB25A0AEC3D5}.Debug|Any CPU.ActiveCfg = Debug|Any CPU
		{308D2CE7-05B3-4CE7-A810-AB25A0AEC3D5}.Debug|Any CPU.Build.0 = Debug|Any CPU
		{308D2CE7-05B3-4CE7-A810-AB25A0AEC3D5}.Release|Any CPU.ActiveCfg = Release|Any CPU
		{308D2CE7-05B3-4CE7-A810-AB25A0AEC3D5}.Release|Any CPU.Build.0 = Release|Any CPU
		{C4135C93-5229-4002-863B-A79A02A33C8B}.Debug|Any CPU.ActiveCfg = Debug|Any CPU
		{C4135C93-5229-4002-863B-A79A02A33C8B}.Debug|Any CPU.Build.0 = Debug|Any CPU
		{C4135C93-5229-4002-863B-A79A02A33C8B}.Release|Any CPU.ActiveCfg = Release|Any CPU
		{C4135C93-5229-4002-863B-A79A02A33C8B}.Release|Any CPU.Build.0 = Release|Any CPU
		{B735EC3C-1722-4766-99FA-550A63041122}.Debug|Any CPU.ActiveCfg = Debug|Any CPU
		{B735EC3C-1722-4766-99FA-550A63041122}.Debug|Any CPU.Build.0 = Debug|Any CPU
		{B735EC3C-1722-4766-99FA-550A63041122}.Release|Any CPU.ActiveCfg = Release|Any CPU
		{B735EC3C-1722-4766-99FA-550A63041122}.Release|Any CPU.Build.0 = Release|Any CPU
		{E349224B-AD88-47A5-909C-877C1AC383B7}.Debug|Any CPU.ActiveCfg = Debug|Any CPU
		{E349224B-AD88-47A5-909C-877C1AC383B7}.Debug|Any CPU.Build.0 = Debug|Any CPU
		{E349224B-AD88-47A5-909C-877C1AC383B7}.Release|Any CPU.ActiveCfg = Release|Any CPU
		{E349224B-AD88-47A5-909C-877C1AC383B7}.Release|Any CPU.Build.0 = Release|Any CPU
		{59A2C38A-1A79-4293-8618-1164309B7572}.Debug|Any CPU.ActiveCfg = Debug|Any CPU
		{59A2C38A-1A79-4293-8618-1164309B7572}.Debug|Any CPU.Build.0 = Debug|Any CPU
		{59A2C38A-1A79-4293-8618-1164309B7572}.Release|Any CPU.ActiveCfg = Release|Any CPU
		{59A2C38A-1A79-4293-8618-1164309B7572}.Release|Any CPU.Build.0 = Release|Any CPU
		{841E5E73-A610-46F2-8527-5AD08C30F694}.Debug|Any CPU.ActiveCfg = Debug|Any CPU
		{841E5E73-A610-46F2-8527-5AD08C30F694}.Debug|Any CPU.Build.0 = Debug|Any CPU
		{841E5E73-A610-46F2-8527-5AD08C30F694}.Release|Any CPU.ActiveCfg = Release|Any CPU
		{841E5E73-A610-46F2-8527-5AD08C30F694}.Release|Any CPU.Build.0 = Release|Any CPU
		{978CAC81-CA74-4349-A1D2-A53866D743D2}.Debug|Any CPU.ActiveCfg = Debug|Any CPU
		{978CAC81-CA74-4349-A1D2-A53866D743D2}.Debug|Any CPU.Build.0 = Debug|Any CPU
		{978CAC81-CA74-4349-A1D2-A53866D743D2}.Release|Any CPU.ActiveCfg = Release|Any CPU
		{978CAC81-CA74-4349-A1D2-A53866D743D2}.Release|Any CPU.Build.0 = Release|Any CPU
		{13D0D93E-85ED-4503-B020-EE1DEB1F84EF}.Debug|Any CPU.ActiveCfg = Debug|Any CPU
		{13D0D93E-85ED-4503-B020-EE1DEB1F84EF}.Debug|Any CPU.Build.0 = Debug|Any CPU
		{13D0D93E-85ED-4503-B020-EE1DEB1F84EF}.Release|Any CPU.ActiveCfg = Release|Any CPU
		{13D0D93E-85ED-4503-B020-EE1DEB1F84EF}.Release|Any CPU.Build.0 = Release|Any CPU
	EndGlobalSection
	GlobalSection(NestedProjects) = preSolution
		{6ACB14F7-18DE-4ECA-9CF2-A1D804DDB811} = {82FBDB21-93DD-4BC0-9D67-9A5582CC2D5B}
	EndGlobalSection
EndGlobal
