
Microsoft Visual Studio Solution File, Format Version 12.00
Project("{FAE04EC0-301F-11D3-BF4B-00C04F79EFBC}") = "PoligonApiTest", "src\PoligonApiTest\PoligonApiTest.csproj", "{240EF32B-A31E-4A43-8497-04449DBA5386}"
EndProject
Project("{FAE04EC0-301F-11D3-BF4B-00C04F79EFBC}") = "S01E01", "S01E01\S01E01.csproj", "{019589C5-3936-45F8-BC50-B396AD9A5C4D}"
EndProject
Project("{FAE04EC0-301F-11D3-BF4B-00C04F79EFBC}") = "S01E02", "S01E02\S01E02.csproj", "{A21D0E90-FA4A-4853-8A93-D0A680B02CAA}"
EndProject
Global
	GlobalSection(SolutionConfigurationPlatforms) = preSolution
		Debug|Any CPU = Debug|Any CPU
		Release|Any CPU = Release|Any CPU
	EndGlobalSection
	GlobalSection(ProjectConfigurationPlatforms) = postSolution
		{240EF32B-A31E-4A43-8497-04449DBA5386}.Debug|Any CPU.ActiveCfg = Debug|Any CPU
		{240EF32B-A31E-4A43-8497-04449DBA5386}.Debug|Any CPU.Build.0 = Debug|Any CPU
		{240EF32B-A31E-4A43-8497-04449DBA5386}.Release|Any CPU.ActiveCfg = Release|Any CPU
		{240EF32B-A31E-4A43-8497-04449DBA5386}.Release|Any CPU.Build.0 = Release|Any CPU
		{019589C5-3936-45F8-BC50-B396AD9A5C4D}.Debug|Any CPU.ActiveCfg = Debug|Any CPU
		{019589C5-3936-45F8-BC50-B396AD9A5C4D}.Debug|Any CPU.Build.0 = Debug|Any CPU
		{019589C5-3936-45F8-BC50-B396AD9A5C4D}.Release|Any CPU.ActiveCfg = Release|Any CPU
		{019589C5-3936-45F8-BC50-B396AD9A5C4D}.Release|Any CPU.Build.0 = Release|Any CPU
		{A21D0E90-FA4A-4853-8A93-D0A680B02CAA}.Debug|Any CPU.ActiveCfg = Debug|Any CPU
		{A21D0E90-FA4A-4853-8A93-D0A680B02CAA}.Debug|Any CPU.Build.0 = Debug|Any CPU
		{A21D0E90-FA4A-4853-8A93-D0A680B02CAA}.Release|Any CPU.ActiveCfg = Release|Any CPU
		{A21D0E90-FA4A-4853-8A93-D0A680B02CAA}.Release|Any CPU.Build.0 = Release|Any CPU
	EndGlobalSection
EndGlobal
